// !$*UTF8*$!
{
	archiveVersion = 1;
	classes = {
	};
	objectVersion = 50;
	objects = {

/* Begin PBXBuildFile section */
		450EDF8F2201B352006B189D /* AppDelegate.swift in Sources */ = {isa = PBXBuildFile; fileRef = 450EDF8E2201B352006B189D /* AppDelegate.swift */; };
		450EDF912201B352006B189D /* ViewController.swift in Sources */ = {isa = PBXBuildFile; fileRef = 450EDF902201B352006B189D /* ViewController.swift */; };
		450EDF942201B352006B189D /* Main.storyboard in Resources */ = {isa = PBXBuildFile; fileRef = 450EDF922201B352006B189D /* Main.storyboard */; };
		450EDF962201B354006B189D /* Assets.xcassets in Resources */ = {isa = PBXBuildFile; fileRef = 450EDF952201B354006B189D /* Assets.xcassets */; };
		450EDF992201B354006B189D /* LaunchScreen.storyboard in Resources */ = {isa = PBXBuildFile; fileRef = 450EDF972201B354006B189D /* LaunchScreen.storyboard */; };
		450EDFA42201B354006B189D /* airlinesTests.swift in Sources */ = {isa = PBXBuildFile; fileRef = 450EDFA32201B354006B189D /* airlinesTests.swift */; };
		450EDFAF2201B354006B189D /* airlinesUITests.swift in Sources */ = {isa = PBXBuildFile; fileRef = 450EDFAE2201B354006B189D /* airlinesUITests.swift */; };
/* End PBXBuildFile section */

/* Begin PBXContainerItemProxy section */
		450EDFA02201B354006B189D /* PBXContainerItemProxy */ = {
			isa = PBXContainerItemProxy;
			containerPortal = 450EDF832201B352006B189D /* Project object */;
			proxyType = 1;
			remoteGlobalIDString = 450EDF8A2201B352006B189D;
			remoteInfo = airlines;
		};
		450EDFAB2201B354006B189D /* PBXContainerItemProxy */ = {
			isa = PBXContainerItemProxy;
			containerPortal = 450EDF832201B352006B189D /* Project object */;
			proxyType = 1;
			remoteGlobalIDString = 450EDF8A2201B352006B189D;
			remoteInfo = airlines;
		};
/* End PBXContainerItemProxy section */

/* Begin PBXFileReference section */
		450EDF8B2201B352006B189D /* airlines.app */ = {isa = PBXFileReference; explicitFileType = wrapper.application; includeInIndex = 0; path = airlines.app; sourceTree = BUILT_PRODUCTS_DIR; };
		450EDF8E2201B352006B189D /* AppDelegate.swift */ = {isa = PBXFileReference; lastKnownFileType = sourcecode.swift; path = AppDelegate.swift; sourceTree = "<group>"; };
		450EDF902201B352006B189D /* ViewController.swift */ = {isa = PBXFileReference; lastKnownFileType = sourcecode.swift; path = ViewController.swift; sourceTree = "<group>"; };
		450EDF932201B352006B189D /* Base */ = {isa = PBXFileReference; lastKnownFileType = file.storyboard; name = Base; path = Base.lproj/Main.storyboard; sourceTree = "<group>"; };
		450EDF952201B354006B189D /* Assets.xcassets */ = {isa = PBXFileReference; lastKnownFileType = folder.assetcatalog; path = Assets.xcassets; sourceTree = "<group>"; };
		450EDF982201B354006B189D /* Base */ = {isa = PBXFileReference; lastKnownFileType = file.storyboard; name = Base; path = Base.lproj/LaunchScreen.storyboard; sourceTree = "<group>"; };
		450EDF9A2201B354006B189D /* Info.plist */ = {isa = PBXFileReference; lastKnownFileType = text.plist.xml; path = Info.plist; sourceTree = "<group>"; };
		450EDF9F2201B354006B189D /* airlinesTests.xctest */ = {isa = PBXFileReference; explicitFileType = wrapper.cfbundle; includeInIndex = 0; path = airlinesTests.xctest; sourceTree = BUILT_PRODUCTS_DIR; };
		450EDFA32201B354006B189D /* airlinesTests.swift */ = {isa = PBXFileReference; lastKnownFileType = sourcecode.swift; path = airlinesTests.swift; sourceTree = "<group>"; };
		450EDFA52201B354006B189D /* Info.plist */ = {isa = PBXFileReference; lastKnownFileType = text.plist.xml; path = Info.plist; sourceTree = "<group>"; };
		450EDFAA2201B354006B189D /* airlinesUITests.xctest */ = {isa = PBXFileReference; explicitFileType = wrapper.cfbundle; includeInIndex = 0; path = airlinesUITests.xctest; sourceTree = BUILT_PRODUCTS_DIR; };
		450EDFAE2201B354006B189D /* airlinesUITests.swift */ = {isa = PBXFileReference; lastKnownFileType = sourcecode.swift; path = airlinesUITests.swift; sourceTree = "<group>"; };
		450EDFB02201B354006B189D /* Info.plist */ = {isa = PBXFileReference; lastKnownFileType = text.plist.xml; path = Info.plist; sourceTree = "<group>"; };
/* End PBXFileReference section */

/* Begin PBXFrameworksBuildPhase section */
		450EDF882201B352006B189D /* Frameworks */ = {
			isa = PBXFrameworksBuildPhase;
			buildActionMask = 2147483647;
			files = (
			);
			runOnlyForDeploymentPostprocessing = 0;
		};
		450EDF9C2201B354006B189D /* Frameworks */ = {
			isa = PBXFrameworksBuildPhase;
			buildActionMask = 2147483647;
			files = (
			);
			runOnlyForDeploymentPostprocessing = 0;
		};
		450EDFA72201B354006B189D /* Frameworks */ = {
			isa = PBXFrameworksBuildPhase;
			buildActionMask = 2147483647;
			files = (
			);
			runOnlyForDeploymentPostprocessing = 0;
		};
/* End PBXFrameworksBuildPhase section */

/* Begin PBXGroup section */
		450EDF822201B352006B189D = {
			isa = PBXGroup;
			children = (
				450EDF8D2201B352006B189D /* airlines */,
				450EDFA22201B354006B189D /* airlinesTests */,
				450EDFAD2201B354006B189D /* airlinesUITests */,
				450EDF8C2201B352006B189D /* Products */,
			);
			sourceTree = "<group>";
		};
		450EDF8C2201B352006B189D /* Products */ = {
			isa = PBXGroup;
			children = (
				450EDF8B2201B352006B189D /* airlines.app */,
				450EDF9F2201B354006B189D /* airlinesTests.xctest */,
				450EDFAA2201B354006B189D /* airlinesUITests.xctest */,
			);
			name = Products;
			sourceTree = "<group>";
		};
		450EDF8D2201B352006B189D /* airlines */ = {
			isa = PBXGroup;
			children = (
				450EDF8E2201B352006B189D /* AppDelegate.swift */,
				450EDF902201B352006B189D /* ViewController.swift */,
				450EDF922201B352006B189D /* Main.storyboard */,
				450EDF952201B354006B189D /* Assets.xcassets */,
				450EDF972201B354006B189D /* LaunchScreen.storyboard */,
				450EDF9A2201B354006B189D /* Info.plist */,
			);
			path = airlines;
			sourceTree = "<group>";
		};
		450EDFA22201B354006B189D /* airlinesTests */ = {
			isa = PBXGroup;
			children = (
				450EDFA32201B354006B189D /* airlinesTests.swift */,
				450EDFA52201B354006B189D /* Info.plist */,
			);
			path = airlinesTests;
			sourceTree = "<group>";
		};
		450EDFAD2201B354006B189D /* airlinesUITests */ = {
			isa = PBXGroup;
			children = (
				450EDFAE2201B354006B189D /* airlinesUITests.swift */,
				450EDFB02201B354006B189D /* Info.plist */,
			);
			path = airlinesUITests;
			sourceTree = "<group>";
		};
/* End PBXGroup section */

/* Begin PBXNativeTarget section */
		450EDF8A2201B352006B189D /* airlines */ = {
			isa = PBXNativeTarget;
			buildConfigurationList = 450EDFB32201B354006B189D /* Build configuration list for PBXNativeTarget "airlines" */;
			buildPhases = (
				450EDF872201B352006B189D /* Sources */,
				450EDF882201B352006B189D /* Frameworks */,
				450EDF892201B352006B189D /* Resources */,
			);
			buildRules = (
			);
			dependencies = (
			);
			name = airlines;
			productName = airlines;
			productReference = 450EDF8B2201B352006B189D /* airlines.app */;
			productType = "com.apple.product-type.application";
		};
		450EDF9E2201B354006B189D /* airlinesTests */ = {
			isa = PBXNativeTarget;
			buildConfigurationList = 450EDFB62201B354006B189D /* Build configuration list for PBXNativeTarget "airlinesTests" */;
			buildPhases = (
				450EDF9B2201B354006B189D /* Sources */,
				450EDF9C2201B354006B189D /* Frameworks */,
				450EDF9D2201B354006B189D /* Resources */,
			);
			buildRules = (
			);
			dependencies = (
				450EDFA12201B354006B189D /* PBXTargetDependency */,
			);
			name = airlinesTests;
			productName = airlinesTests;
			productReference = 450EDF9F2201B354006B189D /* airlinesTests.xctest */;
			productType = "com.apple.product-type.bundle.unit-test";
		};
		450EDFA92201B354006B189D /* airlinesUITests */ = {
			isa = PBXNativeTarget;
			buildConfigurationList = 450EDFB92201B354006B189D /* Build configuration list for PBXNativeTarget "airlinesUITests" */;
			buildPhases = (
				450EDFA62201B354006B189D /* Sources */,
				450EDFA72201B354006B189D /* Frameworks */,
				450EDFA82201B354006B189D /* Resources */,
			);
			buildRules = (
			);
			dependencies = (
				450EDFAC2201B354006B189D /* PBXTargetDependency */,
			);
			name = airlinesUITests;
			productName = airlinesUITests;
			productReference = 450EDFAA2201B354006B189D /* airlinesUITests.xctest */;
			productType = "com.apple.product-type.bundle.ui-testing";
		};
/* End PBXNativeTarget section */

/* Begin PBXProject section */
		450EDF832201B352006B189D /* Project object */ = {
			isa = PBXProject;
			attributes = {
				LastSwiftUpdateCheck = 1010;
				LastUpgradeCheck = 1010;
				ORGANIZATIONNAME = "张铮琦";
				TargetAttributes = {
					450EDF8A2201B352006B189D = {
						CreatedOnToolsVersion = 10.1;
					};
					450EDF9E2201B354006B189D = {
						CreatedOnToolsVersion = 10.1;
						TestTargetID = 450EDF8A2201B352006B189D;
					};
					450EDFA92201B354006B189D = {
						CreatedOnToolsVersion = 10.1;
						TestTargetID = 450EDF8A2201B352006B189D;
					};
				};
			};
			buildConfigurationList = 450EDF862201B352006B189D /* Build configuration list for PBXProject "airlines" */;
			compatibilityVersion = "Xcode 9.3";
			developmentRegion = en;
			hasScannedForEncodings = 0;
			knownRegions = (
				en,
				Base,
			);
			mainGroup = 450EDF822201B352006B189D;
			productRefGroup = 450EDF8C2201B352006B189D /* Products */;
			projectDirPath = "";
			projectRoot = "";
			targets = (
				450EDF8A2201B352006B189D /* airlines */,
				450EDF9E2201B354006B189D /* airlinesTests */,
				450EDFA92201B354006B189D /* airlinesUITests */,
			);
		};
/* End PBXProject section */

/* Begin PBXResourcesBuildPhase section */
		450EDF892201B352006B189D /* Resources */ = {
			isa = PBXResourcesBuildPhase;
			buildActionMask = 2147483647;
			files = (
				450EDF992201B354006B189D /* LaunchScreen.storyboard in Resources */,
				450EDF962201B354006B189D /* Assets.xcassets in Resources */,
				450EDF942201B352006B189D /* Main.storyboard in Resources */,
			);
			runOnlyForDeploymentPostprocessing = 0;
		};
		450EDF9D2201B354006B189D /* Resources */ = {
			isa = PBXResourcesBuildPhase;
			buildActionMask = 2147483647;
			files = (
			);
			runOnlyForDeploymentPostprocessing = 0;
		};
		450EDFA82201B354006B189D /* Resources */ = {
			isa = PBXResourcesBuildPhase;
			buildActionMask = 2147483647;
			files = (
			);
			runOnlyForDeploymentPostprocessing = 0;
		};
/* End PBXResourcesBuildPhase section */

/* Begin PBXSourcesBuildPhase section */
		450EDF872201B352006B189D /* Sources */ = {
			isa = PBXSourcesBuildPhase;
			buildActionMask = 2147483647;
			files = (
				450EDF912201B352006B189D /* ViewController.swift in Sources */,
				450EDF8F2201B352006B189D /* AppDelegate.swift in Sources */,
			);
			runOnlyForDeploymentPostprocessing = 0;
		};
		450EDF9B2201B354006B189D /* Sources */ = {
			isa = PBXSourcesBuildPhase;
			buildActionMask = 2147483647;
			files = (
				450EDFA42201B354006B189D /* airlinesTests.swift in Sources */,
			);
			runOnlyForDeploymentPostprocessing = 0;
		};
		450EDFA62201B354006B189D /* Sources */ = {
			isa = PBXSourcesBuildPhase;
			buildActionMask = 2147483647;
			files = (
				450EDFAF2201B354006B189D /* airlinesUITests.swift in Sources */,
			);
			runOnlyForDeploymentPostprocessing = 0;
		};
/* End PBXSourcesBuildPhase section */

/* Begin PBXTargetDependency section */
		450EDFA12201B354006B189D /* PBXTargetDependency */ = {
			isa = PBXTargetDependency;
			target = 450EDF8A2201B352006B189D /* airlines */;
			targetProxy = 450EDFA02201B354006B189D /* PBXContainerItemProxy */;
		};
		450EDFAC2201B354006B189D /* PBXTargetDependency */ = {
			isa = PBXTargetDependency;
			target = 450EDF8A2201B352006B189D /* airlines */;
			targetProxy = 450EDFAB2201B354006B189D /* PBXContainerItemProxy */;
		};
/* End PBXTargetDependency section */

/* Begin PBXVariantGroup section */
		450EDF922201B352006B189D /* Main.storyboard */ = {
			isa = PBXVariantGroup;
			children = (
				450EDF932201B352006B189D /* Base */,
			);
			name = Main.storyboard;
			sourceTree = "<group>";
		};
		450EDF972201B354006B189D /* LaunchScreen.storyboard */ = {
			isa = PBXVariantGroup;
			children = (
				450EDF982201B354006B189D /* Base */,
			);
			name = LaunchScreen.storyboard;
			sourceTree = "<group>";
		};
/* End PBXVariantGroup section */

/* Begin XCBuildConfiguration section */
		450EDFB12201B354006B189D /* Debug */ = {
			isa = XCBuildConfiguration;
			buildSettings = {
				ALWAYS_SEARCH_USER_PATHS = NO;
				CLANG_ANALYZER_NONNULL = YES;
				CLANG_ANALYZER_NUMBER_OBJECT_CONVERSION = YES_AGGRESSIVE;
				CLANG_CXX_LANGUAGE_STANDARD = "gnu++14";
				CLANG_CXX_LIBRARY = "libc++";
				CLANG_ENABLE_MODULES = YES;
				CLANG_ENABLE_OBJC_ARC = YES;
				CLANG_ENABLE_OBJC_WEAK = YES;
				CLANG_WARN_BLOCK_CAPTURE_AUTORELEASING = YES;
				CLANG_WARN_BOOL_CONVERSION = YES;
				CLANG_WARN_COMMA = YES;
				CLANG_WARN_CONSTANT_CONVERSION = YES;
				CLANG_WARN_DEPRECATED_OBJC_IMPLEMENTATIONS = YES;
				CLANG_WARN_DIRECT_OBJC_ISA_USAGE = YES_ERROR;
				CLANG_WARN_DOCUMENTATION_COMMENTS = YES;
				CLANG_WARN_EMPTY_BODY = YES;
				CLANG_WARN_ENUM_CONVERSION = YES;
				CLANG_WARN_INFINITE_RECURSION = YES;
				CLANG_WARN_INT_CONVERSION = YES;
				CLANG_WARN_NON_LITERAL_NULL_CONVERSION = YES;
				CLANG_WARN_OBJC_IMPLICIT_RETAIN_SELF = YES;
				CLANG_WARN_OBJC_LITERAL_CONVERSION = YES;
				CLANG_WARN_OBJC_ROOT_CLASS = YES_ERROR;
				CLANG_WARN_RANGE_LOOP_ANALYSIS = YES;
				CLANG_WARN_STRICT_PROTOTYPES = YES;
				CLANG_WARN_SUSPICIOUS_MOVE = YES;
				CLANG_WARN_UNGUARDED_AVAILABILITY = YES_AGGRESSIVE;
				CLANG_WARN_UNREACHABLE_CODE = YES;
				CLANG_WARN__DUPLICATE_METHOD_MATCH = YES;
				CODE_SIGN_IDENTITY = "iPhone Developer";
				COPY_PHASE_STRIP = NO;
				DEBUG_INFORMATION_FORMAT = dwarf;
				ENABLE_STRICT_OBJC_MSGSEND = YES;
				ENABLE_TESTABILITY = YES;
				GCC_C_LANGUAGE_STANDARD = gnu11;
				GCC_DYNAMIC_NO_PIC = NO;
				GCC_NO_COMMON_BLOCKS = YES;
				GCC_OPTIMIZATION_LEVEL = 0;
				GCC_PREPROCESSOR_DEFINITIONS = (
					"DEBUG=1",
					"$(inherited)",
				);
				GCC_WARN_64_TO_32_BIT_CONVERSION = YES;
				GCC_WARN_ABOUT_RETURN_TYPE = YES_ERROR;
				GCC_WARN_UNDECLARED_SELECTOR = YES;
				GCC_WARN_UNINITIALIZED_AUTOS = YES_AGGRESSIVE;
				GCC_WARN_UNUSED_FUNCTION = YES;
				GCC_WARN_UNUSED_VARIABLE = YES;
				IPHONEOS_DEPLOYMENT_TARGET = 12.1;
				MTL_ENABLE_DEBUG_INFO = INCLUDE_SOURCE;
				MTL_FAST_MATH = YES;
				ONLY_ACTIVE_ARCH = YES;
				SDKROOT = iphoneos;
				SWIFT_ACTIVE_COMPILATION_CONDITIONS = DEBUG;
				SWIFT_OPTIMIZATION_LEVEL = "-Onone";
			};
			name = Debug;
		};
		450EDFB22201B354006B189D /* Release */ = {
			isa = XCBuildConfiguration;
			buildSettings = {
				ALWAYS_SEARCH_USER_PATHS = NO;
				CLANG_ANALYZER_NONNULL = YES;
				CLANG_ANALYZER_NUMBER_OBJECT_CONVERSION = YES_AGGRESSIVE;
				CLANG_CXX_LANGUAGE_STANDARD = "gnu++14";
				CLANG_CXX_LIBRARY = "libc++";
				CLANG_ENABLE_MODULES = YES;
				CLANG_ENABLE_OBJC_ARC = YES;
				CLANG_ENABLE_OBJC_WEAK = YES;
				CLANG_WARN_BLOCK_CAPTURE_AUTORELEASING = YES;
				CLANG_WARN_BOOL_CONVERSION = YES;
				CLANG_WARN_COMMA = YES;
				CLANG_WARN_CONSTANT_CONVERSION = YES;
				CLANG_WARN_DEPRECATED_OBJC_IMPLEMENTATIONS = YES;
				CLANG_WARN_DIRECT_OBJC_ISA_USAGE = YES_ERROR;
				CLANG_WARN_DOCUMENTATION_COMMENTS = YES;
				CLANG_WARN_EMPTY_BODY = YES;
				CLANG_WARN_ENUM_CONVERSION = YES;
				CLANG_WARN_INFINITE_RECURSION = YES;
				CLANG_WARN_INT_CONVERSION = YES;
				CLANG_WARN_NON_LITERAL_NULL_CONVERSION = YES;
				CLANG_WARN_OBJC_IMPLICIT_RETAIN_SELF = YES;
				CLANG_WARN_OBJC_LITERAL_CONVERSION = YES;
				CLANG_WARN_OBJC_ROOT_CLASS = YES_ERROR;
				CLANG_WARN_RANGE_LOOP_ANALYSIS = YES;
				CLANG_WARN_STRICT_PROTOTYPES = YES;
				CLANG_WARN_SUSPICIOUS_MOVE = YES;
				CLANG_WARN_UNGUARDED_AVAILABILITY = YES_AGGRESSIVE;
				CLANG_WARN_UNREACHABLE_CODE = YES;
				CLANG_WARN__DUPLICATE_METHOD_MATCH = YES;
				CODE_SIGN_IDENTITY = "iPhone Developer";
				COPY_PHASE_STRIP = NO;
				DEBUG_INFORMATION_FORMAT = "dwarf-with-dsym";
				ENABLE_NS_ASSERTIONS = NO;
				ENABLE_STRICT_OBJC_MSGSEND = YES;
				GCC_C_LANGUAGE_STANDARD = gnu11;
				GCC_NO_COMMON_BLOCKS = YES;
				GCC_WARN_64_TO_32_BIT_CONVERSION = YES;
				GCC_WARN_ABOUT_RETURN_TYPE = YES_ERROR;
				GCC_WARN_UNDECLARED_SELECTOR = YES;
				GCC_WARN_UNINITIALIZED_AUTOS = YES_AGGRESSIVE;
				GCC_WARN_UNUSED_FUNCTION = YES;
				GCC_WARN_UNUSED_VARIABLE = YES;
				IPHONEOS_DEPLOYMENT_TARGET = 12.1;
				MTL_ENABLE_DEBUG_INFO = NO;
				MTL_FAST_MATH = YES;
				SDKROOT = iphoneos;
				SWIFT_COMPILATION_MODE = wholemodule;
				SWIFT_OPTIMIZATION_LEVEL = "-O";
				VALIDATE_PRODUCT = YES;
			};
			name = Release;
		};
		450EDFB42201B354006B189D /* Debug */ = {
			isa = XCBuildConfiguration;
			buildSettings = {
				ASSETCATALOG_COMPILER_APPICON_NAME = AppIcon;
				CODE_SIGN_STYLE = Automatic;
				DEVELOPMENT_TEAM = TDZTWLY6V5;
				INFOPLIST_FILE = airlines/Info.plist;
				LD_RUNPATH_SEARCH_PATHS = (
					"$(inherited)",
					"@executable_path/Frameworks",
				);
				PRODUCT_BUNDLE_IDENTIFIER = com.bermi.airlines;
				PRODUCT_NAME = "$(TARGET_NAME)";
				SWIFT_VERSION = 4.2;
				TARGETED_DEVICE_FAMILY = "1,2";
			};
			name = Debug;
		};
		450EDFB52201B354006B189D /* Release */ = {
			isa = XCBuildConfiguration;
			buildSettings = {
				ASSETCATALOG_COMPILER_APPICON_NAME = AppIcon;
				CODE_SIGN_STYLE = Automatic;
				DEVELOPMENT_TEAM = TDZTWLY6V5;
				INFOPLIST_FILE = airlines/Info.plist;
				LD_RUNPATH_SEARCH_PATHS = (
					"$(inherited)",
					"@executable_path/Frameworks",
				);
				PRODUCT_BUNDLE_IDENTIFIER = com.bermi.airlines;
				PRODUCT_NAME = "$(TARGET_NAME)";
				SWIFT_VERSION = 4.2;
				TARGETED_DEVICE_FAMILY = "1,2";
			};
			name = Release;
		};
		450EDFB72201B354006B189D /* Debug */ = {
			isa = XCBuildConfiguration;
			buildSettings = {
				ALWAYS_EMBED_SWIFT_STANDARD_LIBRARIES = YES;
				BUNDLE_LOADER = "$(TEST_HOST)";
				CODE_SIGN_STYLE = Automatic;
				DEVELOPMENT_TEAM = TDZTWLY6V5;
				INFOPLIST_FILE = airlinesTests/Info.plist;
				LD_RUNPATH_SEARCH_PATHS = (
					"$(inherited)",
					"@executable_path/Frameworks",
					"@loader_path/Frameworks",
				);
				PRODUCT_BUNDLE_IDENTIFIER = com.bermi.airlinesTests;
				PRODUCT_NAME = "$(TARGET_NAME)";
				SWIFT_VERSION = 4.2;
				TARGETED_DEVICE_FAMILY = "1,2";
				TEST_HOST = "$(BUILT_PRODUCTS_DIR)/airlines.app/airlines";
			};
			name = Debug;
		};
		450EDFB82201B354006B189D /* Release */ = {
			isa = XCBuildConfiguration;
			buildSettings = {
				ALWAYS_EMBED_SWIFT_STANDARD_LIBRARIES = YES;
				BUNDLE_LOADER = "$(TEST_HOST)";
				CODE_SIGN_STYLE = Automatic;
				DEVELOPMENT_TEAM = TDZTWLY6V5;
				INFOPLIST_FILE = airlinesTests/Info.plist;
				LD_RUNPATH_SEARCH_PATHS = (
					"$(inherited)",
					"@executable_path/Frameworks",
					"@loader_path/Frameworks",
				);
				PRODUCT_BUNDLE_IDENTIFIER = com.bermi.airlinesTests;
				PRODUCT_NAME = "$(TARGET_NAME)";
				SWIFT_VERSION = 4.2;
				TARGETED_DEVICE_FAMILY = "1,2";
				TEST_HOST = "$(BUILT_PRODUCTS_DIR)/airlines.app/airlines";
			};
			name = Release;
		};
		450EDFBA2201B354006B189D /* Debug */ = {
			isa = XCBuildConfiguration;
			buildSettings = {
				ALWAYS_EMBED_SWIFT_STANDARD_LIBRARIES = YES;
				CODE_SIGN_STYLE = Automatic;
				DEVELOPMENT_TEAM = TDZTWLY6V5;
				INFOPLIST_FILE = airlinesUITests/Info.plist;
				LD_RUNPATH_SEARCH_PATHS = (
					"$(inherited)",
					"@executable_path/Frameworks",
					"@loader_path/Frameworks",
				);
				PRODUCT_BUNDLE_IDENTIFIER = com.bermi.airlinesUITests;
				PRODUCT_NAME = "$(TARGET_NAME)";
				SWIFT_VERSION = 4.2;
				TARGETED_DEVICE_FAMILY = "1,2";
				TEST_TARGET_NAME = airlines;
			};
			name = Debug;
		};
		450EDFBB2201B354006B189D /* Release */ = {
			isa = XCBuildConfiguration;
			buildSettings = {
				ALWAYS_EMBED_SWIFT_STANDARD_LIBRARIES = YES;
				CODE_SIGN_STYLE = Automatic;
				DEVELOPMENT_TEAM = TDZTWLY6V5;
				INFOPLIST_FILE = airlinesUITests/Info.plist;
				LD_RUNPATH_SEARCH_PATHS = (
					"$(inherited)",
					"@executable_path/Frameworks",
					"@loader_path/Frameworks",
				);
				PRODUCT_BUNDLE_IDENTIFIER = com.bermi.airlinesUITests;
				PRODUCT_NAME = "$(TARGET_NAME)";
				SWIFT_VERSION = 4.2;
				TARGETED_DEVICE_FAMILY = "1,2";
				TEST_TARGET_NAME = airlines;
			};
			name = Release;
		};
/* End XCBuildConfiguration section */

/* Begin XCConfigurationList section */
		450EDF862201B352006B189D /* Build configuration list for PBXProject "airlines" */ = {
			isa = XCConfigurationList;
			buildConfigurations = (
				450EDFB12201B354006B189D /* Debug */,
				450EDFB22201B354006B189D /* Release */,
			);
			defaultConfigurationIsVisible = 0;
			defaultConfigurationName = Release;
		};
		450EDFB32201B354006B189D /* Build configuration list for PBXNativeTarget "airlines" */ = {
			isa = XCConfigurationList;
			buildConfigurations = (
				450EDFB42201B354006B189D /* Debug */,
				450EDFB52201B354006B189D /* Release */,
			);
			defaultConfigurationIsVisible = 0;
			defaultConfigurationName = Release;
		};
		450EDFB62201B354006B189D /* Build configuration list for PBXNativeTarget "airlinesTests" */ = {
			isa = XCConfigurationList;
			buildConfigurations = (
				450EDFB72201B354006B189D /* Debug */,
				450EDFB82201B354006B189D /* Release */,
			);
			defaultConfigurationIsVisible = 0;
			defaultConfigurationName = Release;
		};
		450EDFB92201B354006B189D /* Build configuration list for PBXNativeTarget "airlinesUITests" */ = {
			isa = XCConfigurationList;
			buildConfigurations = (
				450EDFBA2201B354006B189D /* Debug */,
				450EDFBB2201B354006B189D /* Release */,
			);
			defaultConfigurationIsVisible = 0;
			defaultConfigurationName = Release;
		};
/* End XCConfigurationList section */
	};
	rootObject = 450EDF832201B352006B189D /* Project object */;
}
